<?xml version="1.0" encoding="utf-8"?>
<Project ToolsVersion="4.0" xmlns="http://schemas.microsoft.com/developer/msbuild/2003">
  <ItemGroup>
    <Filter Include="소스 파일">
      <UniqueIdentifier>{4FC737F1-C7A5-4376-A066-2A32D752A2FF}</UniqueIdentifier>
      <Extensions>cpp;c;cc;cxx;c++;cppm;ixx;def;odl;idl;hpj;bat;asm;asmx</Extensions>
    </Filter>
    <Filter Include="헤더 파일">
      <UniqueIdentifier>{93995380-89BD-4b04-88EB-625FBE52EBFB}</UniqueIdentifier>
      <Extensions>h;hh;hpp;hxx;h++;hm;inl;inc;ipp;xsd</Extensions>
    </Filter>
    <Filter Include="리소스 파일">
      <UniqueIdentifier>{67DA6AB6-F800-4c08-8B7A-83BB121AAD01}</UniqueIdentifier>
      <Extensions>rc;ico;cur;bmp;dlg;rc2;rct;bin;rgs;gif;jpg;jpeg;jpe;resx;tiff;tif;png;wav;mfcribbon-ms</Extensions>
    </Filter>
    <Filter Include="소스 파일\00_Engine">
      <UniqueIdentifier>{08459034-300d-4e09-8592-fdc9baf54c4b}</UniqueIdentifier>
    </Filter>
    <Filter Include="소스 파일\01_Object">
      <UniqueIdentifier>{cdf16489-3393-4471-9601-bbc46701a6a9}</UniqueIdentifier>
    </Filter>
    <Filter Include="소스 파일\01_Object\00_Object">
      <UniqueIdentifier>{17c29e70-6e38-4709-a3af-84307f4c0158}</UniqueIdentifier>
    </Filter>
    <Filter Include="소스 파일\01_AnimationObject">
      <UniqueIdentifier>{a9762db0-b2f5-4adb-9670-3cf84bab2648}</UniqueIdentifier>
    </Filter>
    <Filter Include="소스 파일\01_Object\01_MainCharacter">
      <UniqueIdentifier>{f40f95a6-9b0c-4a55-9aab-d024653be62d}</UniqueIdentifier>
    </Filter>
    <Filter Include="소스 파일\Scene">
      <UniqueIdentifier>{7027745d-e7a5-4916-85a5-8b12eb2a1b0e}</UniqueIdentifier>
    </Filter>
    <Filter Include="소스 파일\Scene\SceneObject">
      <UniqueIdentifier>{a10b0628-c012-4bed-9dc9-06aed2582e68}</UniqueIdentifier>
    </Filter>
    <Filter Include="소스 파일\Scene\Stage">
      <UniqueIdentifier>{6a0e524b-1f86-4038-9eec-9d44296530cb}</UniqueIdentifier>
    </Filter>
    <Filter Include="소스 파일\Scene\Stage\Stage1">
      <UniqueIdentifier>{99401213-a8ac-4362-847c-b1798ea073bf}</UniqueIdentifier>
    </Filter>
    <Filter Include="소스 파일\01_Object\03_ProfObject">
      <UniqueIdentifier>{dcf51e33-7f24-48c0-8950-cf2c8ef1da1b}</UniqueIdentifier>
    </Filter>
    <Filter Include="소스 파일\Scene\Stage\Stage2">
      <UniqueIdentifier>{2c38ef0f-8fb6-49f3-a3fa-8b77807bcfa3}</UniqueIdentifier>
    </Filter>
    <Filter Include="소스 파일\Scene\Tilte">
      <UniqueIdentifier>{bca5d817-e200-4686-a12d-9575f94aa96f}</UniqueIdentifier>
    </Filter>
    <Filter Include="소스 파일\01_Object\04_BackGroundObject">
      <UniqueIdentifier>{ab1eed77-aae2-4c04-ad2d-32cbfcaf47cb}</UniqueIdentifier>
    </Filter>
  </ItemGroup>
  <ItemGroup>
    <ClCompile Include="main.cpp">
      <Filter>소스 파일</Filter>
    </ClCompile>
    <ClCompile Include="Engine.cpp">
      <Filter>소스 파일\00_Engine</Filter>
    </ClCompile>
    <ClCompile Include="Object.cpp">
      <Filter>소스 파일\01_Object\00_Object</Filter>
    </ClCompile>
    <ClCompile Include="MainCharacter.cpp">
      <Filter>소스 파일\01_Object\01_MainCharacter</Filter>
    </ClCompile>
    <ClCompile Include="AnimationObject.cpp">
      <Filter>소스 파일\01_AnimationObject</Filter>
    </ClCompile>
    <ClCompile Include="ProfObject1.cpp">
      <Filter>소스 파일\01_Object\03_ProfObject</Filter>
    </ClCompile>
    <ClCompile Include="Scene.cpp">
      <Filter>소스 파일\Scene\SceneObject</Filter>
    </ClCompile>
    <ClCompile Include="Stage1.cpp">
      <Filter>소스 파일\Scene\Stage\Stage1</Filter>
    </ClCompile>
    <ClCompile Include="ProfObject2.cpp">
      <Filter>소스 파일\01_Object\03_ProfObject</Filter>
    </ClCompile>
    <ClCompile Include="Stage2.cpp">
      <Filter>소스 파일\Scene\Stage\Stage2</Filter>
    </ClCompile>
    <ClCompile Include="Title.cpp">
      <Filter>소스 파일</Filter>
    </ClCompile>
    <ClCompile Include="BackGroundObject.cpp">
      <Filter>소스 파일\01_Object\04_BackGroundObject</Filter>
    </ClCompile>
  </ItemGroup>
  <ItemGroup>
    <ClInclude Include="framework.h">
      <Filter>소스 파일</Filter>
    </ClInclude>
    <ClInclude Include="Engine.h">
      <Filter>소스 파일\00_Engine</Filter>
    </ClInclude>
    <ClInclude Include="Object.h">
      <Filter>소스 파일\01_Object\00_Object</Filter>
    </ClInclude>
    <ClInclude Include="MainCharacter.h">
      <Filter>소스 파일\01_Object\01_MainCharacter</Filter>
    </ClInclude>
    <ClInclude Include="AnimationObject.h">
      <Filter>소스 파일\01_AnimationObject</Filter>
    </ClInclude>
    <ClInclude Include="ProfObject1.h">
      <Filter>소스 파일\01_Object\03_ProfObject</Filter>
    </ClInclude>
    <ClInclude Include="Scene.h">
      <Filter>소스 파일\Scene\SceneObject</Filter>
    </ClInclude>
    <ClInclude Include="Stage1.h">
      <Filter>소스 파일\Scene\Stage\Stage1</Filter>
    </ClInclude>
    <ClInclude Include="ProfObject2.h">
      <Filter>소스 파일\01_Object\03_ProfObject</Filter>
    </ClInclude>
    <ClInclude Include="Stage2.h">
      <Filter>소스 파일\Scene\Stage\Stage2</Filter>
    </ClInclude>
    <ClInclude Include="Title.h">
      <Filter>헤더 파일</Filter>
    </ClInclude>
    <ClInclude Include="BackGroundObject.h">
      <Filter>소스 파일\01_Object\04_BackGroundObject</Filter>
    </ClInclude>
  </ItemGroup>
</Project>